
Microsoft Visual Studio Solution File, Format Version 12.00
# Visual Studio Version 17
VisualStudioVersion = 17.9.34607.119
MinimumVisualStudioVersion = 10.0.40219.1
Project("{FAE04EC0-301F-11D3-BF4B-00C04F79EFBC}") = "BulkyBookWeb", "BulkyBookWeb\BulkyBookWeb.csproj", "{821772DE-CA90-4BC2-8E49-48446CF8AFAB}"
EndProject
Global
	GlobalSection(SolutionConfigurationPlatforms) = preSolution
		Debug|Any CPU = Debug|Any CPU
		Release|Any CPU = Release|Any CPU
	EndGlobalSection
	GlobalSection(ProjectConfigurationPlatforms) = postSolution
		{821772DE-CA90-4BC2-8E49-48446CF8AFAB}.Debug|Any CPU.ActiveCfg = Debug|Any CPU
		{821772DE-CA90-4BC2-8E49-48446CF8AFAB}.Debug|Any CPU.Build.0 = Debug|Any CPU
		{821772DE-CA90-4BC2-8E49-48446CF8AFAB}.Release|Any CPU.ActiveCfg = Release|Any CPU
		{821772DE-CA90-4BC2-8E49-48446CF8AFAB}.Release|Any CPU.Build.0 = Release|Any CPU
	EndGlobalSection
	GlobalSection(SolutionProperties) = preSolution
		HideSolutionNode = FALSE
	EndGlobalSection
	GlobalSection(ExtensibilityGlobals) = postSolution
		SolutionGuid = {EF736767-A99A-4136-9760-DD3DE12E24C3}
	EndGlobalSection
EndGlobal
